
Microsoft Visual Studio Solution File, Format Version 12.00
# Visual Studio Version 16
VisualStudioVersion = 16.0.30114.105
MinimumVisualStudioVersion = 10.0.40219.1
Project("{FAE04EC0-301F-11D3-BF4B-00C04F79EFBC}") = "R5T.Goteborg.Base", "R5T.Goteborg.Base\R5T.Goteborg.Base.csproj", "{0789B5C2-2CAB-451E-BF60-CF19A2B9F89A}"
EndProject
Project("{FAE04EC0-301F-11D3-BF4B-00C04F79EFBC}") = "R5T.Goteborg.Base.Construction", "R5T.Goteborg.Base.Construction\R5T.Goteborg.Base.Construction.csproj", "{A2AA3D0C-5C74-4FF6-9473-A21B9DFF0F1A}"
EndProject
Global
	GlobalSection(SolutionConfigurationPlatforms) = preSolution
		Debug|Any CPU = Debug|Any CPU
		Debug|x64 = Debug|x64
		Debug|x86 = Debug|x86
		Release|Any CPU = Release|Any CPU
		Release|x64 = Release|x64
		Release|x86 = Release|x86
	EndGlobalSection
	GlobalSection(SolutionProperties) = preSolution
		HideSolutionNode = FALSE
	EndGlobalSection
	GlobalSection(ProjectConfigurationPlatforms) = postSolution
		{0789B5C2-2CAB-451E-BF60-CF19A2B9F89A}.Debug|Any CPU.ActiveCfg = Debug|Any CPU
		{0789B5C2-2CAB-451E-BF60-CF19A2B9F89A}.Debug|Any CPU.Build.0 = Debug|Any CPU
		{0789B5C2-2CAB-451E-BF60-CF19A2B9F89A}.Debug|x64.ActiveCfg = Debug|Any CPU
		{0789B5C2-2CAB-451E-BF60-CF19A2B9F89A}.Debug|x64.Build.0 = Debug|Any CPU
		{0789B5C2-2CAB-451E-BF60-CF19A2B9F89A}.Debug|x86.ActiveCfg = Debug|Any CPU
		{0789B5C2-2CAB-451E-BF60-CF19A2B9F89A}.Debug|x86.Build.0 = Debug|Any CPU
		{0789B5C2-2CAB-451E-BF60-CF19A2B9F89A}.Release|Any CPU.ActiveCfg = Release|Any CPU
		{0789B5C2-2CAB-451E-BF60-CF19A2B9F89A}.Release|Any CPU.Build.0 = Release|Any CPU
		{0789B5C2-2CAB-451E-BF60-CF19A2B9F89A}.Release|x64.ActiveCfg = Release|Any CPU
		{0789B5C2-2CAB-451E-BF60-CF19A2B9F89A}.Release|x64.Build.0 = Release|Any CPU
		{0789B5C2-2CAB-451E-BF60-CF19A2B9F89A}.Release|x86.ActiveCfg = Release|Any CPU
		{0789B5C2-2CAB-451E-BF60-CF19A2B9F89A}.Release|x86.Build.0 = Release|Any CPU
		{A2AA3D0C-5C74-4FF6-9473-A21B9DFF0F1A}.Debug|Any CPU.ActiveCfg = Debug|Any CPU
		{A2AA3D0C-5C74-4FF6-9473-A21B9DFF0F1A}.Debug|Any CPU.Build.0 = Debug|Any CPU
		{A2AA3D0C-5C74-4FF6-9473-A21B9DFF0F1A}.Debug|x64.ActiveCfg = Debug|Any CPU
		{A2AA3D0C-5C74-4FF6-9473-A21B9DFF0F1A}.Debug|x64.Build.0 = Debug|Any CPU
		{A2AA3D0C-5C74-4FF6-9473-A21B9DFF0F1A}.Debug|x86.ActiveCfg = Debug|Any CPU
		{A2AA3D0C-5C74-4FF6-9473-A21B9DFF0F1A}.Debug|x86.Build.0 = Debug|Any CPU
		{A2AA3D0C-5C74-4FF6-9473-A21B9DFF0F1A}.Release|Any CPU.ActiveCfg = Release|Any CPU
		{A2AA3D0C-5C74-4FF6-9473-A21B9DFF0F1A}.Release|Any CPU.Build.0 = Release|Any CPU
		{A2AA3D0C-5C74-4FF6-9473-A21B9DFF0F1A}.Release|x64.ActiveCfg = Release|Any CPU
		{A2AA3D0C-5C74-4FF6-9473-A21B9DFF0F1A}.Release|x64.Build.0 = Release|Any CPU
		{A2AA3D0C-5C74-4FF6-9473-A21B9DFF0F1A}.Release|x86.ActiveCfg = Release|Any CPU
		{A2AA3D0C-5C74-4FF6-9473-A21B9DFF0F1A}.Release|x86.Build.0 = Release|Any CPU
	EndGlobalSection
EndGlobal
